
Microsoft Visual Studio Solution File, Format Version 12.00
# Visual Studio 15
Project("{FAE04EC0-301F-11D3-BF4B-00C04F79EFBC}") = "csharp_practice", "csharp_practice\csharp_practice.csproj", "{0C6D89A5-491B-47CD-93A0-30C941CD6157}"
EndProject
Global
	GlobalSection(SolutionConfigurationPlatforms) = preSolution
		Debug|anycpu = Debug|anycpu
		Release|anycpu = Release|anycpu
	EndGlobalSection
	GlobalSection(ProjectConfigurationPlatforms) = postSolution
		{0C6D89A5-491B-47CD-93A0-30C941CD6157}.Debug|anycpu.ActiveCfg = Debug|anycpu
		{0C6D89A5-491B-47CD-93A0-30C941CD6157}.Debug|anycpu.Build.0 = Debug|anycpu
		{0C6D89A5-491B-47CD-93A0-30C941CD6157}.Release|anycpu.ActiveCfg = Release|anycpu
		{0C6D89A5-491B-47CD-93A0-30C941CD6157}.Release|anycpu.Build.0 = Release|anycpu
	EndGlobalSection
EndGlobal
